
Microsoft Visual Studio Solution File, Format Version 12.00
# Visual Studio Version 17
VisualStudioVersion = 17.13.36105.23
MinimumVisualStudioVersion = 10.0.40219.1
Project("{2150E333-8FDC-42A3-9474-1A3956D46DE8}") = "Solution Items", "Solution Items", "{02EA681E-C7D8-13C7-8484-4AC65E1B71E8}"
	ProjectSection(SolutionItems) = preProject
		.editorconfig = .editorconfig
		.gitattributes = .gitattributes
		.gitignore = .gitignore
		azure-pipelines.codecoverage.runsettings = azure-pipelines.codecoverage.runsettings
		azure-pipelines.release.yml = azure-pipelines.release.yml
		azure-pipelines.runsettings = azure-pipelines.runsettings
		azure-pipelines.yml = azure-pipelines.yml
		CODE_OF_CONDUCT.md = CODE_OF_CONDUCT.md
		CONTRIBUTING.md = CONTRIBUTING.md
		Directory.Build.props = Directory.Build.props
		Directory.Build.targets = Directory.Build.targets
		en-US_User.dic = en-US_User.dic
		LICENSE = LICENSE
		README.md = README.md
	EndProjectSection
EndProject
Project("{FAE04EC0-301F-11D3-BF4B-00C04F79EFBC}") = "Atata.Xunit.v3", "src\Atata.Xunit.v3\Atata.Xunit.v3.csproj", "{9020CB0F-A0BB-D8BC-07D4-DB1714434268}"
EndProject
Project("{FAE04EC0-301F-11D3-BF4B-00C04F79EFBC}") = "Atata.Xunit.v3.IntegrationTests", "test\Atata.Xunit.v3.IntegrationTests\Atata.Xunit.v3.IntegrationTests.csproj", "{E31DB684-8BDE-B459-9C6D-6E3DF8F0841E}"
EndProject
Global
	GlobalSection(SolutionConfigurationPlatforms) = preSolution
		Debug|Any CPU = Debug|Any CPU
		Release|Any CPU = Release|Any CPU
	EndGlobalSection
	GlobalSection(ProjectConfigurationPlatforms) = postSolution
		{9020CB0F-A0BB-D8BC-07D4-DB1714434268}.Debug|Any CPU.ActiveCfg = Debug|Any CPU
		{9020CB0F-A0BB-D8BC-07D4-DB1714434268}.Debug|Any CPU.Build.0 = Debug|Any CPU
		{9020CB0F-A0BB-D8BC-07D4-DB1714434268}.Release|Any CPU.ActiveCfg = Release|Any CPU
		{9020CB0F-A0BB-D8BC-07D4-DB1714434268}.Release|Any CPU.Build.0 = Release|Any CPU
		{E31DB684-8BDE-B459-9C6D-6E3DF8F0841E}.Debug|Any CPU.ActiveCfg = Debug|Any CPU
		{E31DB684-8BDE-B459-9C6D-6E3DF8F0841E}.Debug|Any CPU.Build.0 = Debug|Any CPU
		{E31DB684-8BDE-B459-9C6D-6E3DF8F0841E}.Release|Any CPU.ActiveCfg = Release|Any CPU
		{E31DB684-8BDE-B459-9C6D-6E3DF8F0841E}.Release|Any CPU.Build.0 = Release|Any CPU
	EndGlobalSection
	GlobalSection(SolutionProperties) = preSolution
		HideSolutionNode = FALSE
	EndGlobalSection
	GlobalSection(ExtensibilityGlobals) = postSolution
		SolutionGuid = {5486B660-6433-4693-9E09-B011988D0522}
	EndGlobalSection
EndGlobal
